
Microsoft Visual Studio Solution File, Format Version 12.00
# Visual Studio Version 17
VisualStudioVersion = 17.0.31903.59
MinimumVisualStudioVersion = 10.0.40219.1
Project("{FAE04EC0-301F-11D3-BF4B-00C04F79EFBC}") = "RiverBooks.Web", "RiverBooks.Web\RiverBooks.Web.csproj", "{057D50B3-1FD4-4562-BD55-B91DF4EE380A}"
EndProject
Project("{FAE04EC0-301F-11D3-BF4B-00C04F79EFBC}") = "RiverBooks.Books", "RiverBooks.Books\RiverBooks.Books.csproj", "{A69A57E2-4AB0-4231-A62D-F970EDF7E8A0}"
EndProject
Global
	GlobalSection(SolutionConfigurationPlatforms) = preSolution
		Debug|Any CPU = Debug|Any CPU
		Release|Any CPU = Release|Any CPU
	EndGlobalSection
	GlobalSection(SolutionProperties) = preSolution
		HideSolutionNode = FALSE
	EndGlobalSection
	GlobalSection(ProjectConfigurationPlatforms) = postSolution
		{057D50B3-1FD4-4562-BD55-B91DF4EE380A}.Debug|Any CPU.ActiveCfg = Debug|Any CPU
		{057D50B3-1FD4-4562-BD55-B91DF4EE380A}.Debug|Any CPU.Build.0 = Debug|Any CPU
		{057D50B3-1FD4-4562-BD55-B91DF4EE380A}.Release|Any CPU.ActiveCfg = Release|Any CPU
		{057D50B3-1FD4-4562-BD55-B91DF4EE380A}.Release|Any CPU.Build.0 = Release|Any CPU
		{A69A57E2-4AB0-4231-A62D-F970EDF7E8A0}.Debug|Any CPU.ActiveCfg = Debug|Any CPU
		{A69A57E2-4AB0-4231-A62D-F970EDF7E8A0}.Debug|Any CPU.Build.0 = Debug|Any CPU
		{A69A57E2-4AB0-4231-A62D-F970EDF7E8A0}.Release|Any CPU.ActiveCfg = Release|Any CPU
		{A69A57E2-4AB0-4231-A62D-F970EDF7E8A0}.Release|Any CPU.Build.0 = Release|Any CPU
	EndGlobalSection
EndGlobal
